
Microsoft Visual Studio Solution File, Format Version 12.00
# Visual Studio Version 17
VisualStudioVersion = 17.14.36429.23 d17.14
MinimumVisualStudioVersion = 10.0.40219.1
Project("{FAE04EC0-301F-11D3-BF4B-00C04F79EFBC}") = "LinQtoObject", "LinQtoObject\LinQtoObject.csproj", "{490AB072-52D2-4A89-AA02-59EA35704EDE}"
EndProject
Global
	GlobalSection(SolutionConfigurationPlatforms) = preSolution
		Debug|Any CPU = Debug|Any CPU
		Release|Any CPU = Release|Any CPU
	EndGlobalSection
	GlobalSection(ProjectConfigurationPlatforms) = postSolution
		{490AB072-52D2-4A89-AA02-59EA35704EDE}.Debug|Any CPU.ActiveCfg = Debug|Any CPU
		{490AB072-52D2-4A89-AA02-59EA35704EDE}.Debug|Any CPU.Build.0 = Debug|Any CPU
		{490AB072-52D2-4A89-AA02-59EA35704EDE}.Release|Any CPU.ActiveCfg = Release|Any CPU
		{490AB072-52D2-4A89-AA02-59EA35704EDE}.Release|Any CPU.Build.0 = Release|Any CPU
	EndGlobalSection
	GlobalSection(SolutionProperties) = preSolution
		HideSolutionNode = FALSE
	EndGlobalSection
	GlobalSection(ExtensibilityGlobals) = postSolution
		SolutionGuid = {DF413F3C-B31F-47E0-A656-3F0E23365F4C}
	EndGlobalSection
EndGlobal
